// !$*UTF8*$!
{
	archiveVersion = 1;
	classes = {
	};
	objectVersion = 48;
	objects = {

/* Begin PBXBuildFile section */
		BA659C3A2024C24B00B4757F /* AppDelegate.swift in Sources */ = {isa = PBXBuildFile; fileRef = BA659C392024C24B00B4757F /* AppDelegate.swift */; };
		BA659C3F2024C24B00B4757F /* Main.storyboard in Resources */ = {isa = PBXBuildFile; fileRef = BA659C3D2024C24B00B4757F /* Main.storyboard */; };
		BA659C412024C24B00B4757F /* Assets.xcassets in Resources */ = {isa = PBXBuildFile; fileRef = BA659C402024C24B00B4757F /* Assets.xcassets */; };
		BA659C442024C24B00B4757F /* LaunchScreen.storyboard in Resources */ = {isa = PBXBuildFile; fileRef = BA659C422024C24B00B4757F /* LaunchScreen.storyboard */; };
		BA659C4C2024C4CD00B4757F /* Movie.swift in Sources */ = {isa = PBXBuildFile; fileRef = BA659C4B2024C4CD00B4757F /* Movie.swift */; };
		BA659C4E2024C9A700B4757F /* MoviesController.swift in Sources */ = {isa = PBXBuildFile; fileRef = BA659C4D2024C9A700B4757F /* MoviesController.swift */; };
		BA659C502024DB1300B4757F /* ThumbnailTableViewCell.swift in Sources */ = {isa = PBXBuildFile; fileRef = BA659C4F2024DB1300B4757F /* ThumbnailTableViewCell.swift */; };
		BA659C522024DB2F00B4757F /* MovieTableViewController.swift in Sources */ = {isa = PBXBuildFile; fileRef = BA659C512024DB2F00B4757F /* MovieTableViewController.swift */; };
/* End PBXBuildFile section */

/* Begin PBXFileReference section */
		BA659C362024C24B00B4757F /* MovieSearch.app */ = {isa = PBXFileReference; explicitFileType = wrapper.application; includeInIndex = 0; path = MovieSearch.app; sourceTree = BUILT_PRODUCTS_DIR; };
		BA659C392024C24B00B4757F /* AppDelegate.swift */ = {isa = PBXFileReference; lastKnownFileType = sourcecode.swift; path = AppDelegate.swift; sourceTree = "<group>"; };
		BA659C3E2024C24B00B4757F /* Base */ = {isa = PBXFileReference; lastKnownFileType = file.storyboard; name = Base; path = Base.lproj/Main.storyboard; sourceTree = "<group>"; };
		BA659C402024C24B00B4757F /* Assets.xcassets */ = {isa = PBXFileReference; lastKnownFileType = folder.assetcatalog; path = Assets.xcassets; sourceTree = "<group>"; };
		BA659C432024C24B00B4757F /* Base */ = {isa = PBXFileReference; lastKnownFileType = file.storyboard; name = Base; path = Base.lproj/LaunchScreen.storyboard; sourceTree = "<group>"; };
		BA659C452024C24B00B4757F /* Info.plist */ = {isa = PBXFileReference; lastKnownFileType = text.plist.xml; path = Info.plist; sourceTree = "<group>"; };
		BA659C4B2024C4CD00B4757F /* Movie.swift */ = {isa = PBXFileReference; lastKnownFileType = sourcecode.swift; path = Movie.swift; sourceTree = "<group>"; };
		BA659C4D2024C9A700B4757F /* MoviesController.swift */ = {isa = PBXFileReference; lastKnownFileType = sourcecode.swift; path = MoviesController.swift; sourceTree = "<group>"; };
		BA659C4F2024DB1300B4757F /* ThumbnailTableViewCell.swift */ = {isa = PBXFileReference; lastKnownFileType = sourcecode.swift; path = ThumbnailTableViewCell.swift; sourceTree = "<group>"; };
		BA659C512024DB2F00B4757F /* MovieTableViewController.swift */ = {isa = PBXFileReference; lastKnownFileType = sourcecode.swift; path = MovieTableViewController.swift; sourceTree = "<group>"; };
/* End PBXFileReference section */

/* Begin PBXFrameworksBuildPhase section */
		BA659C332024C24B00B4757F /* Frameworks */ = {
			isa = PBXFrameworksBuildPhase;
			buildActionMask = 2147483647;
			files = (
			);
			runOnlyForDeploymentPostprocessing = 0;
		};
/* End PBXFrameworksBuildPhase section */

/* Begin PBXGroup section */
		BA659C2D2024C24B00B4757F = {
			isa = PBXGroup;
			children = (
				BA659C382024C24B00B4757F /* MovieSearch */,
				BA659C372024C24B00B4757F /* Products */,
			);
			sourceTree = "<group>";
		};
		BA659C372024C24B00B4757F /* Products */ = {
			isa = PBXGroup;
			children = (
				BA659C362024C24B00B4757F /* MovieSearch.app */,
			);
			name = Products;
			sourceTree = "<group>";
		};
		BA659C382024C24B00B4757F /* MovieSearch */ = {
			isa = PBXGroup;
			children = (
				BA659C532024F4A200B4757F /* Model */,
				BA659C542024F4AE00B4757F /* Controllers */,
				BA659C392024C24B00B4757F /* AppDelegate.swift */,
				BA659C3D2024C24B00B4757F /* Main.storyboard */,
				BA659C552024F4BA00B4757F /* Views */,
				BA659C402024C24B00B4757F /* Assets.xcassets */,
				BA659C422024C24B00B4757F /* LaunchScreen.storyboard */,
				BA659C452024C24B00B4757F /* Info.plist */,
			);
			path = MovieSearch;
			sourceTree = "<group>";
		};
		BA659C532024F4A200B4757F /* Model */ = {
			isa = PBXGroup;
			children = (
				BA659C4B2024C4CD00B4757F /* Movie.swift */,
			);
			path = Model;
			sourceTree = "<group>";
		};
		BA659C542024F4AE00B4757F /* Controllers */ = {
			isa = PBXGroup;
			children = (
				BA659C4D2024C9A700B4757F /* MoviesController.swift */,
				BA659C512024DB2F00B4757F /* MovieTableViewController.swift */,
			);
			path = Controllers;
			sourceTree = "<group>";
		};
		BA659C552024F4BA00B4757F /* Views */ = {
			isa = PBXGroup;
			children = (
				BA659C4F2024DB1300B4757F /* ThumbnailTableViewCell.swift */,
			);
			path = Views;
			sourceTree = "<group>";
		};
/* End PBXGroup section */

/* Begin PBXNativeTarget section */
		BA659C352024C24B00B4757F /* MovieSearch */ = {
			isa = PBXNativeTarget;
			buildConfigurationList = BA659C482024C24B00B4757F /* Build configuration list for PBXNativeTarget "MovieSearch" */;
			buildPhases = (
				BA659C322024C24B00B4757F /* Sources */,
				BA659C332024C24B00B4757F /* Frameworks */,
				BA659C342024C24B00B4757F /* Resources */,
			);
			buildRules = (
			);
			dependencies = (
			);
			name = MovieSearch;
			productName = MovieSearch;
			productReference = BA659C362024C24B00B4757F /* MovieSearch.app */;
			productType = "com.apple.product-type.application";
		};
/* End PBXNativeTarget section */

/* Begin PBXProject section */
		BA659C2E2024C24B00B4757F /* Project object */ = {
			isa = PBXProject;
			attributes = {
				LastSwiftUpdateCheck = 0920;
				LastUpgradeCheck = 0920;
				ORGANIZATIONNAME = "Turnt Labs";
				TargetAttributes = {
					BA659C352024C24B00B4757F = {
						CreatedOnToolsVersion = 9.2;
						ProvisioningStyle = Automatic;
					};
				};
			};
			buildConfigurationList = BA659C312024C24B00B4757F /* Build configuration list for PBXProject "MovieSearch" */;
			compatibilityVersion = "Xcode 8.0";
			developmentRegion = en;
			hasScannedForEncodings = 0;
			knownRegions = (
				en,
				Base,
			);
			mainGroup = BA659C2D2024C24B00B4757F;
			productRefGroup = BA659C372024C24B00B4757F /* Products */;
			projectDirPath = "";
			projectRoot = "";
			targets = (
				BA659C352024C24B00B4757F /* MovieSearch */,
			);
		};
/* End PBXProject section */

/* Begin PBXResourcesBuildPhase section */
		BA659C342024C24B00B4757F /* Resources */ = {
			isa = PBXResourcesBuildPhase;
			buildActionMask = 2147483647;
			files = (
				BA659C442024C24B00B4757F /* LaunchScreen.storyboard in Resources */,
				BA659C412024C24B00B4757F /* Assets.xcassets in Resources */,
				BA659C3F2024C24B00B4757F /* Main.storyboard in Resources */,
			);
			runOnlyForDeploymentPostprocessing = 0;
		};
/* End PBXResourcesBuildPhase section */

/* Begin PBXSourcesBuildPhase section */
		BA659C322024C24B00B4757F /* Sources */ = {
			isa = PBXSourcesBuildPhase;
			buildActionMask = 2147483647;
			files = (
				BA659C522024DB2F00B4757F /* MovieTableViewController.swift in Sources */,
				BA659C4C2024C4CD00B4757F /* Movie.swift in Sources */,
				BA659C3A2024C24B00B4757F /* AppDelegate.swift in Sources */,
				BA659C502024DB1300B4757F /* ThumbnailTableViewCell.swift in Sources */,
				BA659C4E2024C9A700B4757F /* MoviesController.swift in Sources */,
			);
			runOnlyForDeploymentPostprocessing = 0;
		};
/* End PBXSourcesBuildPhase section */

/* Begin PBXVariantGroup section */
		BA659C3D2024C24B00B4757F /* Main.storyboard */ = {
			isa = PBXVariantGroup;
			children = (
				BA659C3E2024C24B00B4757F /* Base */,
			);
			name = Main.storyboard;
			sourceTree = "<group>";
		};
		BA659C422024C24B00B4757F /* LaunchScreen.storyboard */ = {
			isa = PBXVariantGroup;
			children = (
				BA659C432024C24B00B4757F /* Base */,
			);
			name = LaunchScreen.storyboard;
			sourceTree = "<group>";
		};
/* End PBXVariantGroup section */

/* Begin XCBuildConfiguration section */
		BA659C462024C24B00B4757F /* Debug */ = {
			isa = XCBuildConfiguration;
			buildSettings = {
				ALWAYS_SEARCH_USER_PATHS = NO;
				CLANG_ANALYZER_NONNULL = YES;
				CLANG_ANALYZER_NUMBER_OBJECT_CONVERSION = YES_AGGRESSIVE;
				CLANG_CXX_LANGUAGE_STANDARD = "gnu++14";
				CLANG_CXX_LIBRARY = "libc++";
				CLANG_ENABLE_MODULES = YES;
				CLANG_ENABLE_OBJC_ARC = YES;
				CLANG_WARN_BLOCK_CAPTURE_AUTORELEASING = YES;
				CLANG_WARN_BOOL_CONVERSION = YES;
				CLANG_WARN_COMMA = YES;
				CLANG_WARN_CONSTANT_CONVERSION = YES;
				CLANG_WARN_DIRECT_OBJC_ISA_USAGE = YES_ERROR;
				CLANG_WARN_DOCUMENTATION_COMMENTS = YES;
				CLANG_WARN_EMPTY_BODY = YES;
				CLANG_WARN_ENUM_CONVERSION = YES;
				CLANG_WARN_INFINITE_RECURSION = YES;
				CLANG_WARN_INT_CONVERSION = YES;
				CLANG_WARN_NON_LITERAL_NULL_CONVERSION = YES;
				CLANG_WARN_OBJC_LITERAL_CONVERSION = YES;
				CLANG_WARN_OBJC_ROOT_CLASS = YES_ERROR;
				CLANG_WARN_RANGE_LOOP_ANALYSIS = YES;
				CLANG_WARN_STRICT_PROTOTYPES = YES;
				CLANG_WARN_SUSPICIOUS_MOVE = YES;
				CLANG_WARN_UNGUARDED_AVAILABILITY = YES_AGGRESSIVE;
				CLANG_WARN_UNREACHABLE_CODE = YES;
				CLANG_WARN__DUPLICATE_METHOD_MATCH = YES;
				CODE_SIGN_IDENTITY = "iPhone Developer";
				COPY_PHASE_STRIP = NO;
				DEBUG_INFORMATION_FORMAT = dwarf;
				ENABLE_STRICT_OBJC_MSGSEND = YES;
				ENABLE_TESTABILITY = YES;
				GCC_C_LANGUAGE_STANDARD = gnu11;
				GCC_DYNAMIC_NO_PIC = NO;
				GCC_NO_COMMON_BLOCKS = YES;
				GCC_OPTIMIZATION_LEVEL = 0;
				GCC_PREPROCESSOR_DEFINITIONS = (
					"DEBUG=1",
					"$(inherited)",
				);
				GCC_WARN_64_TO_32_BIT_CONVERSION = YES;
				GCC_WARN_ABOUT_RETURN_TYPE = YES_ERROR;
				GCC_WARN_UNDECLARED_SELECTOR = YES;
				GCC_WARN_UNINITIALIZED_AUTOS = YES_AGGRESSIVE;
				GCC_WARN_UNUSED_FUNCTION = YES;
				GCC_WARN_UNUSED_VARIABLE = YES;
				IPHONEOS_DEPLOYMENT_TARGET = 11.2;
				MTL_ENABLE_DEBUG_INFO = YES;
				ONLY_ACTIVE_ARCH = YES;
				SDKROOT = iphoneos;
				SWIFT_ACTIVE_COMPILATION_CONDITIONS = DEBUG;
				SWIFT_OPTIMIZATION_LEVEL = "-Onone";
			};
			name = Debug;
		};
		BA659C472024C24B00B4757F /* Release */ = {
			isa = XCBuildConfiguration;
			buildSettings = {
				ALWAYS_SEARCH_USER_PATHS = NO;
				CLANG_ANALYZER_NONNULL = YES;
				CLANG_ANALYZER_NUMBER_OBJECT_CONVERSION = YES_AGGRESSIVE;
				CLANG_CXX_LANGUAGE_STANDARD = "gnu++14";
				CLANG_CXX_LIBRARY = "libc++";
				CLANG_ENABLE_MODULES = YES;
				CLANG_ENABLE_OBJC_ARC = YES;
				CLANG_WARN_BLOCK_CAPTURE_AUTORELEASING = YES;
				CLANG_WARN_BOOL_CONVERSION = YES;
				CLANG_WARN_COMMA = YES;
				CLANG_WARN_CONSTANT_CONVERSION = YES;
				CLANG_WARN_DIRECT_OBJC_ISA_USAGE = YES_ERROR;
				CLANG_WARN_DOCUMENTATION_COMMENTS = YES;
				CLANG_WARN_EMPTY_BODY = YES;
				CLANG_WARN_ENUM_CONVERSION = YES;
				CLANG_WARN_INFINITE_RECURSION = YES;
				CLANG_WARN_INT_CONVERSION = YES;
				CLANG_WARN_NON_LITERAL_NULL_CONVERSION = YES;
				CLANG_WARN_OBJC_LITERAL_CONVERSION = YES;
				CLANG_WARN_OBJC_ROOT_CLASS = YES_ERROR;
				CLANG_WARN_RANGE_LOOP_ANALYSIS = YES;
				CLANG_WARN_STRICT_PROTOTYPES = YES;
				CLANG_WARN_SUSPICIOUS_MOVE = YES;
				CLANG_WARN_UNGUARDED_AVAILABILITY = YES_AGGRESSIVE;
				CLANG_WARN_UNREACHABLE_CODE = YES;
				CLANG_WARN__DUPLICATE_METHOD_MATCH = YES;
				CODE_SIGN_IDENTITY = "iPhone Developer";
				COPY_PHASE_STRIP = NO;
				DEBUG_INFORMATION_FORMAT = "dwarf-with-dsym";
				ENABLE_NS_ASSERTIONS = NO;
				ENABLE_STRICT_OBJC_MSGSEND = YES;
				GCC_C_LANGUAGE_STANDARD = gnu11;
				GCC_NO_COMMON_BLOCKS = YES;
				GCC_WARN_64_TO_32_BIT_CONVERSION = YES;
				GCC_WARN_ABOUT_RETURN_TYPE = YES_ERROR;
				GCC_WARN_UNDECLARED_SELECTOR = YES;
				GCC_WARN_UNINITIALIZED_AUTOS = YES_AGGRESSIVE;
				GCC_WARN_UNUSED_FUNCTION = YES;
				GCC_WARN_UNUSED_VARIABLE = YES;
				IPHONEOS_DEPLOYMENT_TARGET = 11.2;
				MTL_ENABLE_DEBUG_INFO = NO;
				SDKROOT = iphoneos;
				SWIFT_OPTIMIZATION_LEVEL = "-Owholemodule";
				VALIDATE_PRODUCT = YES;
			};
			name = Release;
		};
		BA659C492024C24B00B4757F /* Debug */ = {
			isa = XCBuildConfiguration;
			buildSettings = {
				ASSETCATALOG_COMPILER_APPICON_NAME = AppIcon;
				CODE_SIGN_STYLE = Automatic;
				DEVELOPMENT_TEAM = NELGRQX33K;
				INFOPLIST_FILE = MovieSearch/Info.plist;
				LD_RUNPATH_SEARCH_PATHS = "$(inherited) @executable_path/Frameworks";
				PRODUCT_BUNDLE_IDENTIFIER = com.turntlabs.MovieSearch;
				PRODUCT_NAME = "$(TARGET_NAME)";
				SWIFT_VERSION = 4.0;
				TARGETED_DEVICE_FAMILY = "1,2";
			};
			name = Debug;
		};
		BA659C4A2024C24B00B4757F /* Release */ = {
			isa = XCBuildConfiguration;
			buildSettings = {
				ASSETCATALOG_COMPILER_APPICON_NAME = AppIcon;
				CODE_SIGN_STYLE = Automatic;
				DEVELOPMENT_TEAM = NELGRQX33K;
				INFOPLIST_FILE = MovieSearch/Info.plist;
				LD_RUNPATH_SEARCH_PATHS = "$(inherited) @executable_path/Frameworks";
				PRODUCT_BUNDLE_IDENTIFIER = com.turntlabs.MovieSearch;
				PRODUCT_NAME = "$(TARGET_NAME)";
				SWIFT_VERSION = 4.0;
				TARGETED_DEVICE_FAMILY = "1,2";
			};
			name = Release;
		};
/* End XCBuildConfiguration section */

/* Begin XCConfigurationList section */
		BA659C312024C24B00B4757F /* Build configuration list for PBXProject "MovieSearch" */ = {
			isa = XCConfigurationList;
			buildConfigurations = (
				BA659C462024C24B00B4757F /* Debug */,
				BA659C472024C24B00B4757F /* Release */,
			);
			defaultConfigurationIsVisible = 0;
			defaultConfigurationName = Release;
		};
		BA659C482024C24B00B4757F /* Build configuration list for PBXNativeTarget "MovieSearch" */ = {
			isa = XCConfigurationList;
			buildConfigurations = (
				BA659C492024C24B00B4757F /* Debug */,
				BA659C4A2024C24B00B4757F /* Release */,
			);
			defaultConfigurationIsVisible = 0;
			defaultConfigurationName = Release;
		};
/* End XCConfigurationList section */
	};
	rootObject = BA659C2E2024C24B00B4757F /* Project object */;
}
